
Microsoft Visual Studio Solution File, Format Version 12.00
# Visual Studio Version 17
VisualStudioVersion = 17.7.34009.444
MinimumVisualStudioVersion = 10.0.40219.1
Project("{FAE04EC0-301F-11D3-BF4B-00C04F79EFBC}") = "ConsoleApp1", "ConsoleApp1\ConsoleApp1.csproj", "{7A129429-3109-4AA5-B274-8C11BC7C44E6}"
EndProject
Global
	GlobalSection(SolutionConfigurationPlatforms) = preSolution
		Debug|Any CPU = Debug|Any CPU
		Release|Any CPU = Release|Any CPU
	EndGlobalSection
	GlobalSection(ProjectConfigurationPlatforms) = postSolution
		{7A129429-3109-4AA5-B274-8C11BC7C44E6}.Debug|Any CPU.ActiveCfg = Debug|Any CPU
		{7A129429-3109-4AA5-B274-8C11BC7C44E6}.Debug|Any CPU.Build.0 = Debug|Any CPU
		{7A129429-3109-4AA5-B274-8C11BC7C44E6}.Release|Any CPU.ActiveCfg = Release|Any CPU
		{7A129429-3109-4AA5-B274-8C11BC7C44E6}.Release|Any CPU.Build.0 = Release|Any CPU
	EndGlobalSection
	GlobalSection(SolutionProperties) = preSolution
		HideSolutionNode = FALSE
	EndGlobalSection
	GlobalSection(ExtensibilityGlobals) = postSolution
		SolutionGuid = {1A628216-C819-4603-80E8-3D0C8618F1BC}
	EndGlobalSection
EndGlobal
